# THIS IS AN AUTOGENERATED FILE. DO NOT EDIT THIS FILE DIRECTLY.
# yarn lockfile v1


"@tencent/edu-html@^1.0.0":
  version "1.0.0"
  resolved "http://r.tnpm.oa.com/@tencent/edu-html/download/@tencent/edu-html-1.0.0.tgz#c32696cd2fd8a9872a1f84f5b6246ba7dd18c761"
  integrity sha1-wyaWzS/YqYcqH4T1tiRrp90Yx2E=

"@tencent/im-url@^1.0.3":
  version "1.0.3"
  resolved "http://r.tnpm.oa.com/@tencent/im-url/download/@tencent/im-url-1.0.3.tgz#c6550f885030ce978ba832057d6e7be5dd9eeae6"
  integrity sha1-xlUPiFAwzpeLqDIFfW575d2e6uY=

"@tencent/imwxutils@^2.4.1", "@tencent/imwxutils@^2.6.3":
  version "2.6.3"
  resolved "http://r.tnpm.oa.com/@tencent/imwxutils/download/@tencent/imwxutils-2.6.3.tgz#874c1013b3b3a02fce41b6af0771b50978b228d8"
  integrity sha1-h0wQE7OzoC/OQbavB3G1CXiyKNg=
  dependencies:
    regenerator-runtime "^0.11.1"

"@tencent/weapp-impush-client@^1.0.3":
  version "1.0.3"
  resolved "http://r.tnpm.oa.com/@tencent/weapp-impush-client/download/@tencent/weapp-impush-client-1.0.3.tgz#6f91596a6ecbcf47076def6a0d12551dce85d9fb"
  integrity sha1-b5FZam7Lz0cHbe9qDRJVHc6F2fs=
  dependencies:
    "@tencent/imwxutils" "^2.4.1"
    "@tencent/weapp-socket.io-client" "^1.0.0"

"@tencent/weapp-nohost@^0.2.0":
  version "0.2.0"
  resolved "http://r.tnpm.oa.com/@tencent/weapp-nohost/download/@tencent/weapp-nohost-0.2.0.tgz#ed9e48311494187dd41a0851d306286667282a0d"
  integrity sha1-7Z5IMRSUGH3UGghR0wYoZmcoKg0=

"@tencent/weapp-socket.io-client@^1.0.0":
  version "1.0.0"
  resolved "http://r.tnpm.oa.com/@tencent/weapp-socket.io-client/download/@tencent/weapp-socket.io-client-1.0.0.tgz#340db16b19895c7907686d0073766d3daaf2a161"
  integrity sha1-NA2xaxmJXHkHaG0Ac3ZtParyoWE=
  dependencies:
    "@tencent/imwxutils" "^2.4.1"

regenerator-runtime@^0.11.1:
  version "0.11.1"
  resolved "http://r.tnpm.oa.com/regenerator-runtime/download/regenerator-runtime-0.11.1.tgz#be05ad7f9bf7d22e056f9726cee5017fbf19e2e9"
  integrity sha1-vgWtf5v30i4Fb5cmzuUBf78Z4uk=
